PODS:
  - KeychainSwift (11.0.0)
  - LGSideMenuController (2.1.1)
  - SnapKit (4.0.0)

DEPENDENCIES:
  - KeychainSwift (~> 11.0)
  - LGSideMenuController
  - SnapKit (~> 4.0)

SPEC REPOS:
  https://github.com/CocoaPods/Specs.git:
    - KeychainSwift
    - LGSideMenuController
    - SnapKit

SPEC CHECKSUMS:
  KeychainSwift: bea6bd9f98af7b8d7ca4aa79fe105c00fab532db
  LGSideMenuController: ae40c80983ab8b8801c7cef0a6804d43aaa72d45
  SnapKit: a42d492c16e80209130a3379f73596c3454b7694

PODFILE CHECKSUM: fb631fe275bd23a66450484adf4869be9315714b

COCOAPODS: 1.5.0
